// !$*UTF8*$!
{
	archiveVersion = 1;
	classes = {
	};
	objectVersion = 50;
	objects = {

/* Begin PBXBuildFile section */
		047058AD26DD960E00D880DC /* AppDelegate.swift in Sources */ = {isa = PBXBuildFile; fileRef = 047058AC26DD960E00D880DC /* AppDelegate.swift */; };
		047058AF26DD960E00D880DC /* SceneDelegate.swift in Sources */ = {isa = PBXBuildFile; fileRef = 047058AE26DD960E00D880DC /* SceneDelegate.swift */; };
		047058B126DD960E00D880DC /* ViewController.swift in Sources */ = {isa = PBXBuildFile; fileRef = 047058B026DD960E00D880DC /* ViewController.swift */; };
		047058B626DD960F00D880DC /* Assets.xcassets in Resources */ = {isa = PBXBuildFile; fileRef = 047058B526DD960F00D880DC /* Assets.xcassets */; };
		047058B926DD960F00D880DC /* LaunchScreen.storyboard in Resources */ = {isa = PBXBuildFile; fileRef = 047058B726DD960F00D880DC /* LaunchScreen.storyboard */; };
		047058C426DD960F00D880DC /* TimerTests.swift in Sources */ = {isa = PBXBuildFile; fileRef = 047058C326DD960F00D880DC /* TimerTests.swift */; };
		047058CF26DD960F00D880DC /* TimerUITests.swift in Sources */ = {isa = PBXBuildFile; fileRef = 047058CE26DD960F00D880DC /* TimerUITests.swift */; };
		047E4D6D270DF04700EF0C11 /* MyCustomTimer.swift in Sources */ = {isa = PBXBuildFile; fileRef = 047E4D6C270DF04700EF0C11 /* MyCustomTimer.swift */; };
		0498495226F3E1150025D3CB /* ListTimersTableViewCell.swift in Sources */ = {isa = PBXBuildFile; fileRef = 0498495126F3E1150025D3CB /* ListTimersTableViewCell.swift */; };
		04AD226026F5319C00FBF4D6 /* ViewModel.swift in Sources */ = {isa = PBXBuildFile; fileRef = 04AD225F26F5319C00FBF4D6 /* ViewModel.swift */; };
		04AD226626F596DA00FBF4D6 /* FirstTableViewCell.swift in Sources */ = {isa = PBXBuildFile; fileRef = 04AD226526F596DA00FBF4D6 /* FirstTableViewCell.swift */; };
		04C4489C26E15FE7008E0278 /* TimerModel.swift in Sources */ = {isa = PBXBuildFile; fileRef = 04C4489B26E15FE7008E0278 /* TimerModel.swift */; };
		04E866922714D1440057288B /* CellViewModel.swift in Sources */ = {isa = PBXBuildFile; fileRef = 04E866912714D1440057288B /* CellViewModel.swift */; };
/* End PBXBuildFile section */

/* Begin PBXContainerItemProxy section */
		047058C026DD960F00D880DC /* PBXContainerItemProxy */ = {
			isa = PBXContainerItemProxy;
			containerPortal = 047058A126DD960E00D880DC /* Project object */;
			proxyType = 1;
			remoteGlobalIDString = 047058A826DD960E00D880DC;
			remoteInfo = Timer;
		};
		047058CB26DD960F00D880DC /* PBXContainerItemProxy */ = {
			isa = PBXContainerItemProxy;
			containerPortal = 047058A126DD960E00D880DC /* Project object */;
			proxyType = 1;
			remoteGlobalIDString = 047058A826DD960E00D880DC;
			remoteInfo = Timer;
		};
/* End PBXContainerItemProxy section */

/* Begin PBXFileReference section */
		047058A926DD960E00D880DC /* Timer.app */ = {isa = PBXFileReference; explicitFileType = wrapper.application; includeInIndex = 0; path = Timer.app; sourceTree = BUILT_PRODUCTS_DIR; };
		047058AC26DD960E00D880DC /* AppDelegate.swift */ = {isa = PBXFileReference; lastKnownFileType = sourcecode.swift; path = AppDelegate.swift; sourceTree = "<group>"; };
		047058AE26DD960E00D880DC /* SceneDelegate.swift */ = {isa = PBXFileReference; lastKnownFileType = sourcecode.swift; path = SceneDelegate.swift; sourceTree = "<group>"; };
		047058B026DD960E00D880DC /* ViewController.swift */ = {isa = PBXFileReference; lastKnownFileType = sourcecode.swift; path = ViewController.swift; sourceTree = "<group>"; };
		047058B526DD960F00D880DC /* Assets.xcassets */ = {isa = PBXFileReference; lastKnownFileType = folder.assetcatalog; path = Assets.xcassets; sourceTree = "<group>"; };
		047058B826DD960F00D880DC /* Base */ = {isa = PBXFileReference; lastKnownFileType = file.storyboard; name = Base; path = Base.lproj/LaunchScreen.storyboard; sourceTree = "<group>"; };
		047058BA26DD960F00D880DC /* Info.plist */ = {isa = PBXFileReference; lastKnownFileType = text.plist.xml; path = Info.plist; sourceTree = "<group>"; };
		047058BF26DD960F00D880DC /* TimerTests.xctest */ = {isa = PBXFileReference; explicitFileType = wrapper.cfbundle; includeInIndex = 0; path = TimerTests.xctest; sourceTree = BUILT_PRODUCTS_DIR; };
		047058C326DD960F00D880DC /* TimerTests.swift */ = {isa = PBXFileReference; lastKnownFileType = sourcecode.swift; path = TimerTests.swift; sourceTree = "<group>"; };
		047058C526DD960F00D880DC /* Info.plist */ = {isa = PBXFileReference; lastKnownFileType = text.plist.xml; path = Info.plist; sourceTree = "<group>"; };
		047058CA26DD960F00D880DC /* TimerUITests.xctest */ = {isa = PBXFileReference; explicitFileType = wrapper.cfbundle; includeInIndex = 0; path = TimerUITests.xctest; sourceTree = BUILT_PRODUCTS_DIR; };
		047058CE26DD960F00D880DC /* TimerUITests.swift */ = {isa = PBXFileReference; lastKnownFileType = sourcecode.swift; path = TimerUITests.swift; sourceTree = "<group>"; };
		047058D026DD960F00D880DC /* Info.plist */ = {isa = PBXFileReference; lastKnownFileType = text.plist.xml; path = Info.plist; sourceTree = "<group>"; };
		047E4D6C270DF04700EF0C11 /* MyCustomTimer.swift */ = {isa = PBXFileReference; lastKnownFileType = sourcecode.swift; path = MyCustomTimer.swift; sourceTree = "<group>"; };
		0498495126F3E1150025D3CB /* ListTimersTableViewCell.swift */ = {isa = PBXFileReference; lastKnownFileType = sourcecode.swift; path = ListTimersTableViewCell.swift; sourceTree = "<group>"; };
		04AD225F26F5319C00FBF4D6 /* ViewModel.swift */ = {isa = PBXFileReference; lastKnownFileType = sourcecode.swift; path = ViewModel.swift; sourceTree = "<group>"; };
		04AD226526F596DA00FBF4D6 /* FirstTableViewCell.swift */ = {isa = PBXFileReference; lastKnownFileType = sourcecode.swift; path = FirstTableViewCell.swift; sourceTree = "<group>"; };
		04C4489B26E15FE7008E0278 /* TimerModel.swift */ = {isa = PBXFileReference; lastKnownFileType = sourcecode.swift; path = TimerModel.swift; sourceTree = "<group>"; };
		04E866912714D1440057288B /* CellViewModel.swift */ = {isa = PBXFileReference; lastKnownFileType = sourcecode.swift; path = CellViewModel.swift; sourceTree = "<group>"; };
/* End PBXFileReference section */

/* Begin PBXFrameworksBuildPhase section */
		047058A626DD960E00D880DC /* Frameworks */ = {
			isa = PBXFrameworksBuildPhase;
			buildActionMask = 2147483647;
			files = (
			);
			runOnlyForDeploymentPostprocessing = 0;
		};
		047058BC26DD960F00D880DC /* Frameworks */ = {
			isa = PBXFrameworksBuildPhase;
			buildActionMask = 2147483647;
			files = (
			);
			runOnlyForDeploymentPostprocessing = 0;
		};
		047058C726DD960F00D880DC /* Frameworks */ = {
			isa = PBXFrameworksBuildPhase;
			buildActionMask = 2147483647;
			files = (
			);
			runOnlyForDeploymentPostprocessing = 0;
		};
/* End PBXFrameworksBuildPhase section */

/* Begin PBXGroup section */
		047058A026DD960E00D880DC = {
			isa = PBXGroup;
			children = (
				047058AB26DD960E00D880DC /* Timer */,
				047058C226DD960F00D880DC /* TimerTests */,
				047058CD26DD960F00D880DC /* TimerUITests */,
				047058AA26DD960E00D880DC /* Products */,
			);
			sourceTree = "<group>";
		};
		047058AA26DD960E00D880DC /* Products */ = {
			isa = PBXGroup;
			children = (
				047058A926DD960E00D880DC /* Timer.app */,
				047058BF26DD960F00D880DC /* TimerTests.xctest */,
				047058CA26DD960F00D880DC /* TimerUITests.xctest */,
			);
			name = Products;
			sourceTree = "<group>";
		};
		047058AB26DD960E00D880DC /* Timer */ = {
			isa = PBXGroup;
			children = (
				04A73DB326F13AC50061F06E /* TimerModule */,
				047058AC26DD960E00D880DC /* AppDelegate.swift */,
				047058AE26DD960E00D880DC /* SceneDelegate.swift */,
				047058B526DD960F00D880DC /* Assets.xcassets */,
				047058B726DD960F00D880DC /* LaunchScreen.storyboard */,
				047058BA26DD960F00D880DC /* Info.plist */,
			);
			path = Timer;
			sourceTree = "<group>";
		};
		047058C226DD960F00D880DC /* TimerTests */ = {
			isa = PBXGroup;
			children = (
				047058C326DD960F00D880DC /* TimerTests.swift */,
				047058C526DD960F00D880DC /* Info.plist */,
			);
			path = TimerTests;
			sourceTree = "<group>";
		};
		047058CD26DD960F00D880DC /* TimerUITests */ = {
			isa = PBXGroup;
			children = (
				047058CE26DD960F00D880DC /* TimerUITests.swift */,
				047058D026DD960F00D880DC /* Info.plist */,
			);
			path = TimerUITests;
			sourceTree = "<group>";
		};
		0498495026F3E0410025D3CB /* Cell */ = {
			isa = PBXGroup;
			children = (
				04AD226526F596DA00FBF4D6 /* FirstTableViewCell.swift */,
				0498495126F3E1150025D3CB /* ListTimersTableViewCell.swift */,
			);
			path = Cell;
			sourceTree = "<group>";
		};
		04A73DB326F13AC50061F06E /* TimerModule */ = {
			isa = PBXGroup;
			children = (
				047058B026DD960E00D880DC /* ViewController.swift */,
				04A73DB426F13AE60061F06E /* Model */,
				04A73DB526F13AFC0061F06E /* View */,
				04A73DB626F13B020061F06E /* ViewModel */,
				047E4D6C270DF04700EF0C11 /* MyCustomTimer.swift */,
			);
			path = TimerModule;
			sourceTree = "<group>";
		};
		04A73DB426F13AE60061F06E /* Model */ = {
			isa = PBXGroup;
			children = (
				04C4489B26E15FE7008E0278 /* TimerModel.swift */,
			);
			path = Model;
			sourceTree = "<group>";
		};
		04A73DB526F13AFC0061F06E /* View */ = {
			isa = PBXGroup;
			children = (
				0498495026F3E0410025D3CB /* Cell */,
			);
			path = View;
			sourceTree = "<group>";
		};
		04A73DB626F13B020061F06E /* ViewModel */ = {
			isa = PBXGroup;
			children = (
				04AD225F26F5319C00FBF4D6 /* ViewModel.swift */,
				04B0B3A8271B3E3800A9561A /* CellViewModel */,
			);
			path = ViewModel;
			sourceTree = "<group>";
		};
		04B0B3A8271B3E3800A9561A /* CellViewModel */ = {
			isa = PBXGroup;
			children = (
				04E866912714D1440057288B /* CellViewModel.swift */,
			);
			path = CellViewModel;
			sourceTree = "<group>";
		};
/* End PBXGroup section */

/* Begin PBXNativeTarget section */
		047058A826DD960E00D880DC /* Timer */ = {
			isa = PBXNativeTarget;
			buildConfigurationList = 047058D326DD960F00D880DC /* Build configuration list for PBXNativeTarget "Timer" */;
			buildPhases = (
				047058A526DD960E00D880DC /* Sources */,
				047058A626DD960E00D880DC /* Frameworks */,
				047058A726DD960E00D880DC /* Resources */,
			);
			buildRules = (
			);
			dependencies = (
			);
			name = Timer;
			productName = Timer;
			productReference = 047058A926DD960E00D880DC /* Timer.app */;
			productType = "com.apple.product-type.application";
		};
		047058BE26DD960F00D880DC /* TimerTests */ = {
			isa = PBXNativeTarget;
			buildConfigurationList = 047058D626DD960F00D880DC /* Build configuration list for PBXNativeTarget "TimerTests" */;
			buildPhases = (
				047058BB26DD960F00D880DC /* Sources */,
				047058BC26DD960F00D880DC /* Frameworks */,
				047058BD26DD960F00D880DC /* Resources */,
			);
			buildRules = (
			);
			dependencies = (
				047058C126DD960F00D880DC /* PBXTargetDependency */,
			);
			name = TimerTests;
			productName = TimerTests;
			productReference = 047058BF26DD960F00D880DC /* TimerTests.xctest */;
			productType = "com.apple.product-type.bundle.unit-test";
		};
		047058C926DD960F00D880DC /* TimerUITests */ = {
			isa = PBXNativeTarget;
			buildConfigurationList = 047058D926DD960F00D880DC /* Build configuration list for PBXNativeTarget "TimerUITests" */;
			buildPhases = (
				047058C626DD960F00D880DC /* Sources */,
				047058C726DD960F00D880DC /* Frameworks */,
				047058C826DD960F00D880DC /* Resources */,
			);
			buildRules = (
			);
			dependencies = (
				047058CC26DD960F00D880DC /* PBXTargetDependency */,
			);
			name = TimerUITests;
			productName = TimerUITests;
			productReference = 047058CA26DD960F00D880DC /* TimerUITests.xctest */;
			productType = "com.apple.product-type.bundle.ui-testing";
		};
/* End PBXNativeTarget section */

/* Begin PBXProject section */
		047058A126DD960E00D880DC /* Project object */ = {
			isa = PBXProject;
			attributes = {
				LastSwiftUpdateCheck = 1250;
				LastUpgradeCheck = 1250;
				TargetAttributes = {
					047058A826DD960E00D880DC = {
						CreatedOnToolsVersion = 12.5.1;
					};
					047058BE26DD960F00D880DC = {
						CreatedOnToolsVersion = 12.5.1;
						TestTargetID = 047058A826DD960E00D880DC;
					};
					047058C926DD960F00D880DC = {
						CreatedOnToolsVersion = 12.5.1;
						TestTargetID = 047058A826DD960E00D880DC;
					};
				};
			};
			buildConfigurationList = 047058A426DD960E00D880DC /* Build configuration list for PBXProject "Timer" */;
			compatibilityVersion = "Xcode 9.3";
			developmentRegion = en;
			hasScannedForEncodings = 0;
			knownRegions = (
				en,
				Base,
			);
			mainGroup = 047058A026DD960E00D880DC;
			productRefGroup = 047058AA26DD960E00D880DC /* Products */;
			projectDirPath = "";
			projectRoot = "";
			targets = (
				047058A826DD960E00D880DC /* Timer */,
				047058BE26DD960F00D880DC /* TimerTests */,
				047058C926DD960F00D880DC /* TimerUITests */,
			);
		};
/* End PBXProject section */

/* Begin PBXResourcesBuildPhase section */
		047058A726DD960E00D880DC /* Resources */ = {
			isa = PBXResourcesBuildPhase;
			buildActionMask = 2147483647;
			files = (
				047058B926DD960F00D880DC /* LaunchScreen.storyboard in Resources */,
				047058B626DD960F00D880DC /* Assets.xcassets in Resources */,
			);
			runOnlyForDeploymentPostprocessing = 0;
		};
		047058BD26DD960F00D880DC /* Resources */ = {
			isa = PBXResourcesBuildPhase;
			buildActionMask = 2147483647;
			files = (
			);
			runOnlyForDeploymentPostprocessing = 0;
		};
		047058C826DD960F00D880DC /* Resources */ = {
			isa = PBXResourcesBuildPhase;
			buildActionMask = 2147483647;
			files = (
			);
			runOnlyForDeploymentPostprocessing = 0;
		};
/* End PBXResourcesBuildPhase section */

/* Begin PBXSourcesBuildPhase section */
		047058A526DD960E00D880DC /* Sources */ = {
			isa = PBXSourcesBuildPhase;
			buildActionMask = 2147483647;
			files = (
				047E4D6D270DF04700EF0C11 /* MyCustomTimer.swift in Sources */,
				047058B126DD960E00D880DC /* ViewController.swift in Sources */,
				04C4489C26E15FE7008E0278 /* TimerModel.swift in Sources */,
				04AD226626F596DA00FBF4D6 /* FirstTableViewCell.swift in Sources */,
				04E866922714D1440057288B /* CellViewModel.swift in Sources */,
				0498495226F3E1150025D3CB /* ListTimersTableViewCell.swift in Sources */,
				047058AD26DD960E00D880DC /* AppDelegate.swift in Sources */,
				04AD226026F5319C00FBF4D6 /* ViewModel.swift in Sources */,
				047058AF26DD960E00D880DC /* SceneDelegate.swift in Sources */,
			);
			runOnlyForDeploymentPostprocessing = 0;
		};
		047058BB26DD960F00D880DC /* Sources */ = {
			isa = PBXSourcesBuildPhase;
			buildActionMask = 2147483647;
			files = (
				047058C426DD960F00D880DC /* TimerTests.swift in Sources */,
			);
			runOnlyForDeploymentPostprocessing = 0;
		};
		047058C626DD960F00D880DC /* Sources */ = {
			isa = PBXSourcesBuildPhase;
			buildActionMask = 2147483647;
			files = (
				047058CF26DD960F00D880DC /* TimerUITests.swift in Sources */,
			);
			runOnlyForDeploymentPostprocessing = 0;
		};
/* End PBXSourcesBuildPhase section */

/* Begin PBXTargetDependency section */
		047058C126DD960F00D880DC /* PBXTargetDependency */ = {
			isa = PBXTargetDependency;
			target = 047058A826DD960E00D880DC /* Timer */;
			targetProxy = 047058C026DD960F00D880DC /* PBXContainerItemProxy */;
		};
		047058CC26DD960F00D880DC /* PBXTargetDependency */ = {
			isa = PBXTargetDependency;
			target = 047058A826DD960E00D880DC /* Timer */;
			targetProxy = 047058CB26DD960F00D880DC /* PBXContainerItemProxy */;
		};
/* End PBXTargetDependency section */

/* Begin PBXVariantGroup section */
		047058B726DD960F00D880DC /* LaunchScreen.storyboard */ = {
			isa = PBXVariantGroup;
			children = (
				047058B826DD960F00D880DC /* Base */,
			);
			name = LaunchScreen.storyboard;
			sourceTree = "<group>";
		};
/* End PBXVariantGroup section */

/* Begin XCBuildConfiguration section */
		047058D126DD960F00D880DC /* Debug */ = {
			isa = XCBuildConfiguration;
			buildSettings = {
				ALWAYS_SEARCH_USER_PATHS = NO;
				CLANG_ANALYZER_NONNULL = YES;
				CLANG_ANALYZER_NUMBER_OBJECT_CONVERSION = YES_AGGRESSIVE;
				CLANG_CXX_LANGUAGE_STANDARD = "gnu++14";
				CLANG_CXX_LIBRARY = "libc++";
				CLANG_ENABLE_MODULES = YES;
				CLANG_ENABLE_OBJC_ARC = YES;
				CLANG_ENABLE_OBJC_WEAK = YES;
				CLANG_WARN_BLOCK_CAPTURE_AUTORELEASING = YES;
				CLANG_WARN_BOOL_CONVERSION = YES;
				CLANG_WARN_COMMA = YES;
				CLANG_WARN_CONSTANT_CONVERSION = YES;
				CLANG_WARN_DEPRECATED_OBJC_IMPLEMENTATIONS = YES;
				CLANG_WARN_DIRECT_OBJC_ISA_USAGE = YES_ERROR;
				CLANG_WARN_DOCUMENTATION_COMMENTS = YES;
				CLANG_WARN_EMPTY_BODY = YES;
				CLANG_WARN_ENUM_CONVERSION = YES;
				CLANG_WARN_INFINITE_RECURSION = YES;
				CLANG_WARN_INT_CONVERSION = YES;
				CLANG_WARN_NON_LITERAL_NULL_CONVERSION = YES;
				CLANG_WARN_OBJC_IMPLICIT_RETAIN_SELF = YES;
				CLANG_WARN_OBJC_LITERAL_CONVERSION = YES;
				CLANG_WARN_OBJC_ROOT_CLASS = YES_ERROR;
				CLANG_WARN_QUOTED_INCLUDE_IN_FRAMEWORK_HEADER = YES;
				CLANG_WARN_RANGE_LOOP_ANALYSIS = YES;
				CLANG_WARN_STRICT_PROTOTYPES = YES;
				CLANG_WARN_SUSPICIOUS_MOVE = YES;
				CLANG_WARN_UNGUARDED_AVAILABILITY = YES_AGGRESSIVE;
				CLANG_WARN_UNREACHABLE_CODE = YES;
				CLANG_WARN__DUPLICATE_METHOD_MATCH = YES;
				COPY_PHASE_STRIP = NO;
				DEBUG_INFORMATION_FORMAT = dwarf;
				ENABLE_STRICT_OBJC_MSGSEND = YES;
				ENABLE_TESTABILITY = YES;
				GCC_C_LANGUAGE_STANDARD = gnu11;
				GCC_DYNAMIC_NO_PIC = NO;
				GCC_NO_COMMON_BLOCKS = YES;
				GCC_OPTIMIZATION_LEVEL = 0;
				GCC_PREPROCESSOR_DEFINITIONS = (
					"DEBUG=1",
					"$(inherited)",
				);
				GCC_WARN_64_TO_32_BIT_CONVERSION = YES;
				GCC_WARN_ABOUT_RETURN_TYPE = YES_ERROR;
				GCC_WARN_UNDECLARED_SELECTOR = YES;
				GCC_WARN_UNINITIALIZED_AUTOS = YES_AGGRESSIVE;
				GCC_WARN_UNUSED_FUNCTION = YES;
				GCC_WARN_UNUSED_VARIABLE = YES;
				IPHONEOS_DEPLOYMENT_TARGET = 14.5;
				MTL_ENABLE_DEBUG_INFO = INCLUDE_SOURCE;
				MTL_FAST_MATH = YES;
				ONLY_ACTIVE_ARCH = YES;
				SDKROOT = iphoneos;
				SWIFT_ACTIVE_COMPILATION_CONDITIONS = DEBUG;
				SWIFT_OPTIMIZATION_LEVEL = "-Onone";
			};
			name = Debug;
		};
		047058D226DD960F00D880DC /* Release */ = {
			isa = XCBuildConfiguration;
			buildSettings = {
				ALWAYS_SEARCH_USER_PATHS = NO;
				CLANG_ANALYZER_NONNULL = YES;
				CLANG_ANALYZER_NUMBER_OBJECT_CONVERSION = YES_AGGRESSIVE;
				CLANG_CXX_LANGUAGE_STANDARD = "gnu++14";
				CLANG_CXX_LIBRARY = "libc++";
				CLANG_ENABLE_MODULES = YES;
				CLANG_ENABLE_OBJC_ARC = YES;
				CLANG_ENABLE_OBJC_WEAK = YES;
				CLANG_WARN_BLOCK_CAPTURE_AUTORELEASING = YES;
				CLANG_WARN_BOOL_CONVERSION = YES;
				CLANG_WARN_COMMA = YES;
				CLANG_WARN_CONSTANT_CONVERSION = YES;
				CLANG_WARN_DEPRECATED_OBJC_IMPLEMENTATIONS = YES;
				CLANG_WARN_DIRECT_OBJC_ISA_USAGE = YES_ERROR;
				CLANG_WARN_DOCUMENTATION_COMMENTS = YES;
				CLANG_WARN_EMPTY_BODY = YES;
				CLANG_WARN_ENUM_CONVERSION = YES;
				CLANG_WARN_INFINITE_RECURSION = YES;
				CLANG_WARN_INT_CONVERSION = YES;
				CLANG_WARN_NON_LITERAL_NULL_CONVERSION = YES;
				CLANG_WARN_OBJC_IMPLICIT_RETAIN_SELF = YES;
				CLANG_WARN_OBJC_LITERAL_CONVERSION = YES;
				CLANG_WARN_OBJC_ROOT_CLASS = YES_ERROR;
				CLANG_WARN_QUOTED_INCLUDE_IN_FRAMEWORK_HEADER = YES;
				CLANG_WARN_RANGE_LOOP_ANALYSIS = YES;
				CLANG_WARN_STRICT_PROTOTYPES = YES;
				CLANG_WARN_SUSPICIOUS_MOVE = YES;
				CLANG_WARN_UNGUARDED_AVAILABILITY = YES_AGGRESSIVE;
				CLANG_WARN_UNREACHABLE_CODE = YES;
				CLANG_WARN__DUPLICATE_METHOD_MATCH = YES;
				COPY_PHASE_STRIP = NO;
				DEBUG_INFORMATION_FORMAT = "dwarf-with-dsym";
				ENABLE_NS_ASSERTIONS = NO;
				ENABLE_STRICT_OBJC_MSGSEND = YES;
				GCC_C_LANGUAGE_STANDARD = gnu11;
				GCC_NO_COMMON_BLOCKS = YES;
				GCC_WARN_64_TO_32_BIT_CONVERSION = YES;
				GCC_WARN_ABOUT_RETURN_TYPE = YES_ERROR;
				GCC_WARN_UNDECLARED_SELECTOR = YES;
				GCC_WARN_UNINITIALIZED_AUTOS = YES_AGGRESSIVE;
				GCC_WARN_UNUSED_FUNCTION = YES;
				GCC_WARN_UNUSED_VARIABLE = YES;
				IPHONEOS_DEPLOYMENT_TARGET = 14.5;
				MTL_ENABLE_DEBUG_INFO = NO;
				MTL_FAST_MATH = YES;
				SDKROOT = iphoneos;
				SWIFT_COMPILATION_MODE = wholemodule;
				SWIFT_OPTIMIZATION_LEVEL = "-O";
				VALIDATE_PRODUCT = YES;
			};
			name = Release;
		};
		047058D426DD960F00D880DC /* Debug */ = {
			isa = XCBuildConfiguration;
			buildSettings = {
				ASSETCATALOG_COMPILER_APPICON_NAME = AppIcon;
				ASSETCATALOG_COMPILER_GLOBAL_ACCENT_COLOR_NAME = AccentColor;
				CODE_SIGN_STYLE = Automatic;
				DEVELOPMENT_TEAM = 7UWLMH6524;
				INFOPLIST_FILE = Timer/Info.plist;
				LD_RUNPATH_SEARCH_PATHS = (
					"$(inherited)",
					"@executable_path/Frameworks",
				);
				PRODUCT_BUNDLE_IDENTIFIER = WT.Timer;
				PRODUCT_NAME = "$(TARGET_NAME)";
				SWIFT_VERSION = 5.0;
				TARGETED_DEVICE_FAMILY = "1,2";
			};
			name = Debug;
		};
		047058D526DD960F00D880DC /* Release */ = {
			isa = XCBuildConfiguration;
			buildSettings = {
				ASSETCATALOG_COMPILER_APPICON_NAME = AppIcon;
				ASSETCATALOG_COMPILER_GLOBAL_ACCENT_COLOR_NAME = AccentColor;
				CODE_SIGN_STYLE = Automatic;
				DEVELOPMENT_TEAM = 7UWLMH6524;
				INFOPLIST_FILE = Timer/Info.plist;
				LD_RUNPATH_SEARCH_PATHS = (
					"$(inherited)",
					"@executable_path/Frameworks",
				);
				PRODUCT_BUNDLE_IDENTIFIER = WT.Timer;
				PRODUCT_NAME = "$(TARGET_NAME)";
				SWIFT_VERSION = 5.0;
				TARGETED_DEVICE_FAMILY = "1,2";
			};
			name = Release;
		};
		047058D726DD960F00D880DC /* Debug */ = {
			isa = XCBuildConfiguration;
			buildSettings = {
				ALWAYS_EMBED_SWIFT_STANDARD_LIBRARIES = YES;
				BUNDLE_LOADER = "$(TEST_HOST)";
				CODE_SIGN_STYLE = Automatic;
				DEVELOPMENT_TEAM = 7UWLMH6524;
				INFOPLIST_FILE = TimerTests/Info.plist;
				IPHONEOS_DEPLOYMENT_TARGET = 14.5;
				LD_RUNPATH_SEARCH_PATHS = (
					"$(inherited)",
					"@executable_path/Frameworks",
					"@loader_path/Frameworks",
				);
				PRODUCT_BUNDLE_IDENTIFIER = WT.TimerTests;
				PRODUCT_NAME = "$(TARGET_NAME)";
				SWIFT_VERSION = 5.0;
				TARGETED_DEVICE_FAMILY = "1,2";
				TEST_HOST = "$(BUILT_PRODUCTS_DIR)/Timer.app/Timer";
			};
			name = Debug;
		};
		047058D826DD960F00D880DC /* Release */ = {
			isa = XCBuildConfiguration;
			buildSettings = {
				ALWAYS_EMBED_SWIFT_STANDARD_LIBRARIES = YES;
				BUNDLE_LOADER = "$(TEST_HOST)";
				CODE_SIGN_STYLE = Automatic;
				DEVELOPMENT_TEAM = 7UWLMH6524;
				INFOPLIST_FILE = TimerTests/Info.plist;
				IPHONEOS_DEPLOYMENT_TARGET = 14.5;
				LD_RUNPATH_SEARCH_PATHS = (
					"$(inherited)",
					"@executable_path/Frameworks",
					"@loader_path/Frameworks",
				);
				PRODUCT_BUNDLE_IDENTIFIER = WT.TimerTests;
				PRODUCT_NAME = "$(TARGET_NAME)";
				SWIFT_VERSION = 5.0;
				TARGETED_DEVICE_FAMILY = "1,2";
				TEST_HOST = "$(BUILT_PRODUCTS_DIR)/Timer.app/Timer";
			};
			name = Release;
		};
		047058DA26DD960F00D880DC /* Debug */ = {
			isa = XCBuildConfiguration;
			buildSettings = {
				ALWAYS_EMBED_SWIFT_STANDARD_LIBRARIES = YES;
				CODE_SIGN_STYLE = Automatic;
				DEVELOPMENT_TEAM = 7UWLMH6524;
				INFOPLIST_FILE = TimerUITests/Info.plist;
				LD_RUNPATH_SEARCH_PATHS = (
					"$(inherited)",
					"@executable_path/Frameworks",
					"@loader_path/Frameworks",
				);
				PRODUCT_BUNDLE_IDENTIFIER = WT.TimerUITests;
				PRODUCT_NAME = "$(TARGET_NAME)";
				SWIFT_VERSION = 5.0;
				TARGETED_DEVICE_FAMILY = "1,2";
				TEST_TARGET_NAME = Timer;
			};
			name = Debug;
		};
		047058DB26DD960F00D880DC /* Release */ = {
			isa = XCBuildConfiguration;
			buildSettings = {
				ALWAYS_EMBED_SWIFT_STANDARD_LIBRARIES = YES;
				CODE_SIGN_STYLE = Automatic;
				DEVELOPMENT_TEAM = 7UWLMH6524;
				INFOPLIST_FILE = TimerUITests/Info.plist;
				LD_RUNPATH_SEARCH_PATHS = (
					"$(inherited)",
					"@executable_path/Frameworks",
					"@loader_path/Frameworks",
				);
				PRODUCT_BUNDLE_IDENTIFIER = WT.TimerUITests;
				PRODUCT_NAME = "$(TARGET_NAME)";
				SWIFT_VERSION = 5.0;
				TARGETED_DEVICE_FAMILY = "1,2";
				TEST_TARGET_NAME = Timer;
			};
			name = Release;
		};
/* End XCBuildConfiguration section */

/* Begin XCConfigurationList section */
		047058A426DD960E00D880DC /* Build configuration list for PBXProject "Timer" */ = {
			isa = XCConfigurationList;
			buildConfigurations = (
				047058D126DD960F00D880DC /* Debug */,
				047058D226DD960F00D880DC /* Release */,
			);
			defaultConfigurationIsVisible = 0;
			defaultConfigurationName = Release;
		};
		047058D326DD960F00D880DC /* Build configuration list for PBXNativeTarget "Timer" */ = {
			isa = XCConfigurationList;
			buildConfigurations = (
				047058D426DD960F00D880DC /* Debug */,
				047058D526DD960F00D880DC /* Release */,
			);
			defaultConfigurationIsVisible = 0;
			defaultConfigurationName = Release;
		};
		047058D626DD960F00D880DC /* Build configuration list for PBXNativeTarget "TimerTests" */ = {
			isa = XCConfigurationList;
			buildConfigurations = (
				047058D726DD960F00D880DC /* Debug */,
				047058D826DD960F00D880DC /* Release */,
			);
			defaultConfigurationIsVisible = 0;
			defaultConfigurationName = Release;
		};
		047058D926DD960F00D880DC /* Build configuration list for PBXNativeTarget "TimerUITests" */ = {
			isa = XCConfigurationList;
			buildConfigurations = (
				047058DA26DD960F00D880DC /* Debug */,
				047058DB26DD960F00D880DC /* Release */,
			);
			defaultConfigurationIsVisible = 0;
			defaultConfigurationName = Release;
		};
/* End XCConfigurationList section */
	};
	rootObject = 047058A126DD960E00D880DC /* Project object */;
}
